
Microsoft Visual Studio Solution File, Format Version 12.00
# Visual Studio 14
VisualStudioVersion = 14.0.25420.1
MinimumVisualStudioVersion = 10.0.40219.1
Project("{8BC9CEB8-8B4A-11D0-8D11-00A0C91BC942}") = "Chapter.0.6", "Chapter.0.6\Chapter.0.6.vcxproj", "{E581879F-51CC-4F42-8464-B3E3FD399290}"
EndProject
Project("{8BC9CEB8-8B4A-11D0-8D11-00A0C91BC942}") = "Chapter.1.3", "Chapter.1.3\Chapter.1.3.vcxproj", "{67BE0E2E-8ED8-4570-89CC-BAD8F5329FB5}"
EndProject
Project("{8BC9CEB8-8B4A-11D0-8D11-00A0C91BC942}") = "Chapter.1.3a", "Chapter.1.3a\Chapter.1.3a.vcxproj", "{30B5F45A-BBC4-4A24-BDDF-3AF71232D787}"
EndProject
Project("{8BC9CEB8-8B4A-11D0-8D11-00A0C91BC942}") = "Chapter.1.4", "Chapter.1.4\Chapter.1.4.vcxproj", "{C0ABE188-FFF7-4692-AFD8-90F0800CDBF2}"
EndProject
Project("{8BC9CEB8-8B4A-11D0-8D11-00A0C91BC942}") = "Chapter.1.4a", "Chapter.1.4a\Chapter.1.4a.vcxproj", "{2374D17B-9E10-4F7D-8DD1-831FC1AFDB5F}"
EndProject
Project("{8BC9CEB8-8B4A-11D0-8D11-00A0C91BC942}") = "Chapter.1.7", "Chapter.1.7\Chapter.1.7.vcxproj", "{4D576211-D94D-4B04-9E8A-B5416F950C58}"
EndProject
Project("{8BC9CEB8-8B4A-11D0-8D11-00A0C91BC942}") = "Chapter.1.8", "Chapter.1.8\Chapter.1.8.vcxproj", "{078925CA-047E-4339-9DAA-512F8D986E62}"
EndProject
Project("{8BC9CEB8-8B4A-11D0-8D11-00A0C91BC942}") = "Chapter.1.10", "Chapter.1.10\Chapter.1.10.vcxproj", "{BE917817-01CE-45F4-B302-19EC39A76192}"
EndProject
Project("{8BC9CEB8-8B4A-11D0-8D11-00A0C91BC942}") = "Chapter.1.12", "Chapter.1.12\Chapter.1.12.vcxproj", "{606C308A-3784-4E80-B49C-0D5D29EE997D}"
EndProject
Project("{8BC9CEB8-8B4A-11D0-8D11-00A0C91BC942}") = "Selkie", "Selkie\Selkie.vcxproj", "{76199626-47B5-4E2D-BE4E-69781274AC7A}"
EndProject
Project("{8BC9CEB8-8B4A-11D0-8D11-00A0C91BC942}") = "Chapter.2.4", "Chapter.2.4\Chapter.2.4.vcxproj", "{98A2A51A-3D49-47AE-8619-14697C401B06}"
EndProject
Project("{8BC9CEB8-8B4A-11D0-8D11-00A0C91BC942}") = "Chapter.2.6", "Chapter.2.6\Chapter.2.6.vcxproj", "{1884B27C-3328-408B-A556-4F2CDC69268E}"
EndProject
Project("{8BC9CEB8-8B4A-11D0-8D11-00A0C91BC942}") = "Chapter.2.9", "Chapter.2.9\Chapter.2.9.vcxproj", "{111F6477-C5A5-4C98-A503-AA8E38335394}"
EndProject
Project("{8BC9CEB8-8B4A-11D0-8D11-00A0C91BC942}") = "Chapter.2.10", "Chapter.2.10\Chapter.2.10.vcxproj", "{A3DCFB10-EDBC-4246-A29D-028E2BEAFD5F}"
EndProject
Project("{8BC9CEB8-8B4A-11D0-8D11-00A0C91BC942}") = "Chapter.3.2", "Chapter.3.2\Chapter.3.2.vcxproj", "{4FA52D19-1DD9-41CA-A388-A9B1D85DA5A2}"
EndProject
Project("{8BC9CEB8-8B4A-11D0-8D11-00A0C91BC942}") = "Chapter.3.8", "Chapter.3.8\Chapter.3.8.vcxproj", "{0A4267BC-72E1-4708-AD88-89CAE12FF7A6}"
EndProject
Project("{8BC9CEB8-8B4A-11D0-8D11-00A0C91BC942}") = "Chapter.4.1a", "Chapter.4.1a\Chapter.4.1a.vcxproj", "{F7E34F6D-2E66-4BC7-B68B-CF9E56B91E9D}"
EndProject
Project("{8BC9CEB8-8B4A-11D0-8D11-00A0C91BC942}") = "Chapter.4.4a", "Chapter.4.4a\Chapter.4.4a.vcxproj", "{519EA21F-50BC-428D-91CC-E8FA85D5070E}"
EndProject
Project("{8BC9CEB8-8B4A-11D0-8D11-00A0C91BC942}") = "Chapter.4.5", "Chapter.4.5\Chapter.4.5.vcxproj", "{49603235-4715-488F-912E-428F446D1F8D}"
EndProject
Project("{8BC9CEB8-8B4A-11D0-8D11-00A0C91BC942}") = "Chapter.4.5a", "Chapter.4.5a\Chapter.4.5a.vcxproj", "{FECAEF1A-860E-4AC2-8FEC-6B3D7F10CB65}"
EndProject
Project("{8BC9CEB8-8B4A-11D0-8D11-00A0C91BC942}") = "Chapter.4.7", "Chapter.4.7\Chapter.4.7.vcxproj", "{DCA86342-4EA8-4794-96C6-4EFE0F6C625D}"
EndProject
Project("{8BC9CEB8-8B4A-11D0-8D11-00A0C91BC942}") = "Chapter.4.x", "Chapter.4.x\Chapter.4.x.vcxproj", "{C3F7DBA3-1B38-4BB9-BB8A-AEAE68863053}"
EndProject
Project("{8BC9CEB8-8B4A-11D0-8D11-00A0C91BC942}") = "Chapter.5.3", "Chapter.5.3\Chapter.5.3.vcxproj", "{99A4C6AC-0FD9-4E88-AACD-F12ACBBF943C}"
EndProject
Project("{8BC9CEB8-8B4A-11D0-8D11-00A0C91BC942}") = "Chapter.5.5", "Chapter.5.5\Chapter.5.5.vcxproj", "{BC684AE4-AE1B-449E-9307-1CD0EC0E7FA3}"
EndProject
Project("{8BC9CEB8-8B4A-11D0-8D11-00A0C91BC942}") = "Chapter.5.9", "Chapter.5.9\Chapter.5.9.vcxproj", "{66EB70DC-E37B-4288-9B87-9F584FD697FC}"
EndProject
Project("{8BC9CEB8-8B4A-11D0-8D11-00A0C91BC942}") = "Chapter.5.10", "Chapter.5.10\Chapter.5.10.vcxproj", "{25E879D3-F31A-4A66-8392-4C8C3E6910FF}"
EndProject
Project("{8BC9CEB8-8B4A-11D0-8D11-00A0C91BC942}") = "Chapter.5.x", "Chapter.5.x\Chapter.5.x.vcxproj", "{2C12391F-4812-490A-A36E-BE406925CF99}"
EndProject
Project("{8BC9CEB8-8B4A-11D0-8D11-00A0C91BC942}") = "Chapter.6.2", "Chapter.6.2\Chapter.6.2.vcxproj", "{AA9278D9-6373-4E31-9F6E-FB1415C0C22B}"
EndProject
Project("{8BC9CEB8-8B4A-11D0-8D11-00A0C91BC942}") = "Chapter.6.3", "Chapter.6.3\Chapter.6.3.vcxproj", "{DBCC98EE-B740-4804-B242-A4FE7F6F4CC3}"
EndProject
Project("{8BC9CEB8-8B4A-11D0-8D11-00A0C91BC942}") = "Chapter.6.4", "Chapter.6.4\Chapter.6.4.vcxproj", "{5A6AB737-F692-4C6E-BDFE-85084D9CCB02}"
EndProject
Project("{2150E333-8FDC-42A3-9474-1A3956D46DE8}") = "Done", "Done", "{EF1EAF4C-0782-4B0C-8F58-3A88E872430D}"
EndProject
Project("{8BC9CEB8-8B4A-11D0-8D11-00A0C91BC942}") = "Chapter.6.9a", "Chapter.6.9a\Chapter.6.9a.vcxproj", "{AEA51F9E-E95F-42E7-B755-0BF7AE5527EC}"
EndProject
Project("{8BC9CEB8-8B4A-11D0-8D11-00A0C91BC942}") = "Chapter.6.12a", "Chapter.6.12a\Chapter.6.12a.vcxproj", "{FA791B5B-0BFC-49E4-8490-485A7913C700}"
EndProject
Project("{8BC9CEB8-8B4A-11D0-8D11-00A0C91BC942}") = "Chapter.6.x", "Chapter.6.x\Chapter.6.x.vcxproj", "{05CCF174-D354-43B5-B4B5-E9D3F6476431}"
EndProject
Project("{8BC9CEB8-8B4A-11D0-8D11-00A0C91BC942}") = "Chapter.7.4a", "Chapter.7.4a\Chapter.7.4a.vcxproj", "{20D7E2FA-BABC-4D76-ABB9-FA9CBD391F5A}"
EndProject
Project("{8BC9CEB8-8B4A-11D0-8D11-00A0C91BC942}") = "Chapter.7.8", "Chapter.7.8\Chapter.7.8.vcxproj", "{038F9F5E-F8B4-484B-9DB2-E1A2041ADC45}"
EndProject
Project("{8BC9CEB8-8B4A-11D0-8D11-00A0C91BC942}") = "Chapter.7.11", "Chapter.7.11\Chapter.7.11.vcxproj", "{18ED7D23-02A2-4D9D-8EE9-6B16EF1F5197}"
EndProject
Project("{8BC9CEB8-8B4A-11D0-8D11-00A0C91BC942}") = "Chapter.7.x", "Chapter.7.x\Chapter.7.x.vcxproj", "{5E588F03-0CA6-469F-A98B-9DB2E6706AC5}"
EndProject
Project("{8BC9CEB8-8B4A-11D0-8D11-00A0C91BC942}") = "Chapter.8.3", "Chapter.8.3\Chapter.8.3.vcxproj", "{96C16EB2-237A-4219-AE86-9FD4674C19B5}"
EndProject
Project("{8BC9CEB8-8B4A-11D0-8D11-00A0C91BC942}") = "Chapter.8.5", "Chapter.8.5\Chapter.8.5.vcxproj", "{85640002-B936-4598-B355-0F04F2281F95}"
EndProject
Project("{8BC9CEB8-8B4A-11D0-8D11-00A0C91BC942}") = "Chapter.8.15", "Chapter.8.15\Chapter.8.15.vcxproj", "{4D62A1B5-2BF4-4636-B6D7-F224BDFC9C7B}"
EndProject
Project("{8BC9CEB8-8B4A-11D0-8D11-00A0C91BC942}") = "Chapter.9.2", "Chapter.9.2\Chapter.9.2.vcxproj", "{86FB317B-0CBB-4B90-89B3-01A9D2C1E43A}"
EndProject
Project("{8BC9CEB8-8B4A-11D0-8D11-00A0C91BC942}") = "Chapter.9.3", "Chapter.9.3\Chapter.9.3.vcxproj", "{4FDF189F-D124-4A55-9D5C-1D9B4426FC71}"
EndProject
Project("{8BC9CEB8-8B4A-11D0-8D11-00A0C91BC942}") = "Chapter.9.5", "Chapter.9.5\Chapter.9.5.vcxproj", "{45250891-3E15-4EDB-9D84-00BB5453CF80}"
EndProject
Project("{8BC9CEB8-8B4A-11D0-8D11-00A0C91BC942}") = "Chpater.9.6", "Chpater.9.6\Chpater.9.6.vcxproj", "{52B8156C-FAF9-4576-BC0D-DDACEBD1A16D}"
EndProject
Project("{8BC9CEB8-8B4A-11D0-8D11-00A0C91BC942}") = "Chapter.9.8", "Chapter.9.8\Chapter.9.8.vcxproj", "{73ACEB93-4406-4592-A251-624E52205A39}"
EndProject
Project("{8BC9CEB8-8B4A-11D0-8D11-00A0C91BC942}") = "Chapter.9.9", "Chapter.9.9\Chapter.9.9.vcxproj", "{2C5A56FB-A027-40E1-8CB7-68E923434E79}"
EndProject
Project("{8BC9CEB8-8B4A-11D0-8D11-00A0C91BC942}") = "Chapter.9.x", "Chapter.9.x\Chapter.9.x.vcxproj", "{69FF0D92-508B-4662-999F-258E92521478}"
EndProject
Project("{8BC9CEB8-8B4A-11D0-8D11-00A0C91BC942}") = "Chapter.10.3", "Chapter.10.3\Chapter.10.3.vcxproj", "{6D933FA7-81E7-48CC-A86E-33466F86C259}"
EndProject
Project("{8BC9CEB8-8B4A-11D0-8D11-00A0C91BC942}") = "Chapter.10.4", "Chapter.10.4\Chapter.10.4.vcxproj", "{25D1946D-722F-477B-98B0-C431502D90BD}"
EndProject
Project("{8BC9CEB8-8B4A-11D0-8D11-00A0C91BC942}") = "Chapter.10.6", "Chapter.10.6\Chapter.10.6.vcxproj", "{F7CEEFB9-FC68-4A8E-9171-C36399E272B3}"
EndProject
Project("{8BC9CEB8-8B4A-11D0-8D11-00A0C91BC942}") = "Chapter.11.2", "Chapter.11.2\Chapter.11.2.vcxproj", "{5C75EC29-7621-4247-BDF5-195C1F810681}"
EndProject
Project("{8BC9CEB8-8B4A-11D0-8D11-00A0C91BC942}") = "Chapter.11.6", "Chapter.11.6\Chapter.11.6.vcxproj", "{2F320F93-248F-4AB4-A27B-F914B63B5330}"
EndProject
Project("{8BC9CEB8-8B4A-11D0-8D11-00A0C91BC942}") = "Chapter.11.x", "Chapter.11.x\Chapter.11.x.vcxproj", "{B2753AEF-0DAC-45D1-B2A7-7B94CB043F4C}"
EndProject
Project("{8BC9CEB8-8B4A-11D0-8D11-00A0C91BC942}") = "Chapter.13.1", "Chapter.13.1\Chapter.13.1.vcxproj", "{503E119E-6391-4081-9B18-4A8F352701F0}"
EndProject
Project("{8BC9CEB8-8B4A-11D0-8D11-00A0C91BC942}") = "Chapter.13.7", "Chapter.13.7\Chapter.13.7.vcxproj", "{4D19FF98-B975-420C-80FB-B82CC4EB09B1}"
EndProject
Project("{8BC9CEB8-8B4A-11D0-8D11-00A0C91BC942}") = "MemoryUsage", "MemoryUsage\MemoryUsage.vcxproj", "{B9223563-DAA7-4111-B8A1-A72D787880B1}"
EndProject
Global
	GlobalSection(SolutionConfigurationPlatforms) = preSolution
		Debug|Any CPU = Debug|Any CPU
		Debug|Win32 = Debug|Win32
		Debug|x64 = Debug|x64
		Release|Any CPU = Release|Any CPU
		Release|Win32 = Release|Win32
		Release|x64 = Release|x64
	EndGlobalSection
	GlobalSection(ProjectConfigurationPlatforms) = postSolution
		{E581879F-51CC-4F42-8464-B3E3FD399290}.Debug|Any CPU.ActiveCfg = Debug|Win32
		{E581879F-51CC-4F42-8464-B3E3FD399290}.Debug|Win32.ActiveCfg = Debug|Win32
		{E581879F-51CC-4F42-8464-B3E3FD399290}.Debug|Win32.Build.0 = Debug|Win32
		{E581879F-51CC-4F42-8464-B3E3FD399290}.Debug|x64.ActiveCfg = Debug|Win32
		{E581879F-51CC-4F42-8464-B3E3FD399290}.Release|Any CPU.ActiveCfg = Release|Win32
		{E581879F-51CC-4F42-8464-B3E3FD399290}.Release|Win32.ActiveCfg = Release|Win32
		{E581879F-51CC-4F42-8464-B3E3FD399290}.Release|Win32.Build.0 = Release|Win32
		{E581879F-51CC-4F42-8464-B3E3FD399290}.Release|x64.ActiveCfg = Release|Win32
		{67BE0E2E-8ED8-4570-89CC-BAD8F5329FB5}.Debug|Any CPU.ActiveCfg = Debug|Win32
		{67BE0E2E-8ED8-4570-89CC-BAD8F5329FB5}.Debug|Win32.ActiveCfg = Debug|Win32
		{67BE0E2E-8ED8-4570-89CC-BAD8F5329FB5}.Debug|Win32.Build.0 = Debug|Win32
		{67BE0E2E-8ED8-4570-89CC-BAD8F5329FB5}.Debug|x64.ActiveCfg = Debug|Win32
		{67BE0E2E-8ED8-4570-89CC-BAD8F5329FB5}.Release|Any CPU.ActiveCfg = Release|Win32
		{67BE0E2E-8ED8-4570-89CC-BAD8F5329FB5}.Release|Win32.ActiveCfg = Release|Win32
		{67BE0E2E-8ED8-4570-89CC-BAD8F5329FB5}.Release|Win32.Build.0 = Release|Win32
		{67BE0E2E-8ED8-4570-89CC-BAD8F5329FB5}.Release|x64.ActiveCfg = Release|Win32
		{30B5F45A-BBC4-4A24-BDDF-3AF71232D787}.Debug|Any CPU.ActiveCfg = Debug|Win32
		{30B5F45A-BBC4-4A24-BDDF-3AF71232D787}.Debug|Win32.ActiveCfg = Debug|Win32
		{30B5F45A-BBC4-4A24-BDDF-3AF71232D787}.Debug|Win32.Build.0 = Debug|Win32
		{30B5F45A-BBC4-4A24-BDDF-3AF71232D787}.Debug|x64.ActiveCfg = Debug|Win32
		{30B5F45A-BBC4-4A24-BDDF-3AF71232D787}.Release|Any CPU.ActiveCfg = Release|Win32
		{30B5F45A-BBC4-4A24-BDDF-3AF71232D787}.Release|Win32.ActiveCfg = Release|Win32
		{30B5F45A-BBC4-4A24-BDDF-3AF71232D787}.Release|Win32.Build.0 = Release|Win32
		{30B5F45A-BBC4-4A24-BDDF-3AF71232D787}.Release|x64.ActiveCfg = Release|Win32
		{C0ABE188-FFF7-4692-AFD8-90F0800CDBF2}.Debug|Any CPU.ActiveCfg = Debug|Win32
		{C0ABE188-FFF7-4692-AFD8-90F0800CDBF2}.Debug|Win32.ActiveCfg = Debug|Win32
		{C0ABE188-FFF7-4692-AFD8-90F0800CDBF2}.Debug|Win32.Build.0 = Debug|Win32
		{C0ABE188-FFF7-4692-AFD8-90F0800CDBF2}.Debug|x64.ActiveCfg = Debug|Win32
		{C0ABE188-FFF7-4692-AFD8-90F0800CDBF2}.Release|Any CPU.ActiveCfg = Release|Win32
		{C0ABE188-FFF7-4692-AFD8-90F0800CDBF2}.Release|Win32.ActiveCfg = Release|Win32
		{C0ABE188-FFF7-4692-AFD8-90F0800CDBF2}.Release|Win32.Build.0 = Release|Win32
		{C0ABE188-FFF7-4692-AFD8-90F0800CDBF2}.Release|x64.ActiveCfg = Release|Win32
		{2374D17B-9E10-4F7D-8DD1-831FC1AFDB5F}.Debug|Any CPU.ActiveCfg = Debug|Win32
		{2374D17B-9E10-4F7D-8DD1-831FC1AFDB5F}.Debug|Win32.ActiveCfg = Debug|Win32
		{2374D17B-9E10-4F7D-8DD1-831FC1AFDB5F}.Debug|Win32.Build.0 = Debug|Win32
		{2374D17B-9E10-4F7D-8DD1-831FC1AFDB5F}.Debug|x64.ActiveCfg = Debug|Win32
		{2374D17B-9E10-4F7D-8DD1-831FC1AFDB5F}.Release|Any CPU.ActiveCfg = Release|Win32
		{2374D17B-9E10-4F7D-8DD1-831FC1AFDB5F}.Release|Win32.ActiveCfg = Release|Win32
		{2374D17B-9E10-4F7D-8DD1-831FC1AFDB5F}.Release|Win32.Build.0 = Release|Win32
		{2374D17B-9E10-4F7D-8DD1-831FC1AFDB5F}.Release|x64.ActiveCfg = Release|Win32
		{4D576211-D94D-4B04-9E8A-B5416F950C58}.Debug|Any CPU.ActiveCfg = Debug|Win32
		{4D576211-D94D-4B04-9E8A-B5416F950C58}.Debug|Win32.ActiveCfg = Debug|Win32
		{4D576211-D94D-4B04-9E8A-B5416F950C58}.Debug|Win32.Build.0 = Debug|Win32
		{4D576211-D94D-4B04-9E8A-B5416F950C58}.Debug|x64.ActiveCfg = Debug|Win32
		{4D576211-D94D-4B04-9E8A-B5416F950C58}.Release|Any CPU.ActiveCfg = Release|Win32
		{4D576211-D94D-4B04-9E8A-B5416F950C58}.Release|Win32.ActiveCfg = Release|Win32
		{4D576211-D94D-4B04-9E8A-B5416F950C58}.Release|Win32.Build.0 = Release|Win32
		{4D576211-D94D-4B04-9E8A-B5416F950C58}.Release|x64.ActiveCfg = Release|Win32
		{078925CA-047E-4339-9DAA-512F8D986E62}.Debug|Any CPU.ActiveCfg = Debug|Win32
		{078925CA-047E-4339-9DAA-512F8D986E62}.Debug|Win32.ActiveCfg = Debug|Win32
		{078925CA-047E-4339-9DAA-512F8D986E62}.Debug|Win32.Build.0 = Debug|Win32
		{078925CA-047E-4339-9DAA-512F8D986E62}.Debug|x64.ActiveCfg = Debug|Win32
		{078925CA-047E-4339-9DAA-512F8D986E62}.Release|Any CPU.ActiveCfg = Release|Win32
		{078925CA-047E-4339-9DAA-512F8D986E62}.Release|Win32.ActiveCfg = Release|Win32
		{078925CA-047E-4339-9DAA-512F8D986E62}.Release|Win32.Build.0 = Release|Win32
		{078925CA-047E-4339-9DAA-512F8D986E62}.Release|x64.ActiveCfg = Release|Win32
		{BE917817-01CE-45F4-B302-19EC39A76192}.Debug|Any CPU.ActiveCfg = Debug|Win32
		{BE917817-01CE-45F4-B302-19EC39A76192}.Debug|Win32.ActiveCfg = Debug|Win32
		{BE917817-01CE-45F4-B302-19EC39A76192}.Debug|Win32.Build.0 = Debug|Win32
		{BE917817-01CE-45F4-B302-19EC39A76192}.Debug|x64.ActiveCfg = Debug|Win32
		{BE917817-01CE-45F4-B302-19EC39A76192}.Release|Any CPU.ActiveCfg = Release|Win32
		{BE917817-01CE-45F4-B302-19EC39A76192}.Release|Win32.ActiveCfg = Release|Win32
		{BE917817-01CE-45F4-B302-19EC39A76192}.Release|Win32.Build.0 = Release|Win32
		{BE917817-01CE-45F4-B302-19EC39A76192}.Release|x64.ActiveCfg = Release|Win32
		{606C308A-3784-4E80-B49C-0D5D29EE997D}.Debug|Any CPU.ActiveCfg = Debug|Win32
		{606C308A-3784-4E80-B49C-0D5D29EE997D}.Debug|Win32.ActiveCfg = Debug|Win32
		{606C308A-3784-4E80-B49C-0D5D29EE997D}.Debug|Win32.Build.0 = Debug|Win32
		{606C308A-3784-4E80-B49C-0D5D29EE997D}.Debug|x64.ActiveCfg = Debug|x64
		{606C308A-3784-4E80-B49C-0D5D29EE997D}.Debug|x64.Build.0 = Debug|x64
		{606C308A-3784-4E80-B49C-0D5D29EE997D}.Release|Any CPU.ActiveCfg = Release|Win32
		{606C308A-3784-4E80-B49C-0D5D29EE997D}.Release|Win32.ActiveCfg = Release|Win32
		{606C308A-3784-4E80-B49C-0D5D29EE997D}.Release|Win32.Build.0 = Release|Win32
		{606C308A-3784-4E80-B49C-0D5D29EE997D}.Release|x64.ActiveCfg = Release|x64
		{606C308A-3784-4E80-B49C-0D5D29EE997D}.Release|x64.Build.0 = Release|x64
		{76199626-47B5-4E2D-BE4E-69781274AC7A}.Debug|Any CPU.ActiveCfg = Debug|Win32
		{76199626-47B5-4E2D-BE4E-69781274AC7A}.Debug|Win32.ActiveCfg = Debug|Win32
		{76199626-47B5-4E2D-BE4E-69781274AC7A}.Debug|Win32.Build.0 = Debug|Win32
		{76199626-47B5-4E2D-BE4E-69781274AC7A}.Debug|x64.ActiveCfg = Debug|x64
		{76199626-47B5-4E2D-BE4E-69781274AC7A}.Debug|x64.Build.0 = Debug|x64
		{76199626-47B5-4E2D-BE4E-69781274AC7A}.Release|Any CPU.ActiveCfg = Release|Win32
		{76199626-47B5-4E2D-BE4E-69781274AC7A}.Release|Win32.ActiveCfg = Release|Win32
		{76199626-47B5-4E2D-BE4E-69781274AC7A}.Release|Win32.Build.0 = Release|Win32
		{76199626-47B5-4E2D-BE4E-69781274AC7A}.Release|x64.ActiveCfg = Release|x64
		{76199626-47B5-4E2D-BE4E-69781274AC7A}.Release|x64.Build.0 = Release|x64
		{98A2A51A-3D49-47AE-8619-14697C401B06}.Debug|Any CPU.ActiveCfg = Debug|Win32
		{98A2A51A-3D49-47AE-8619-14697C401B06}.Debug|Win32.ActiveCfg = Debug|Win32
		{98A2A51A-3D49-47AE-8619-14697C401B06}.Debug|Win32.Build.0 = Debug|Win32
		{98A2A51A-3D49-47AE-8619-14697C401B06}.Debug|x64.ActiveCfg = Debug|x64
		{98A2A51A-3D49-47AE-8619-14697C401B06}.Debug|x64.Build.0 = Debug|x64
		{98A2A51A-3D49-47AE-8619-14697C401B06}.Release|Any CPU.ActiveCfg = Release|Win32
		{98A2A51A-3D49-47AE-8619-14697C401B06}.Release|Win32.ActiveCfg = Release|Win32
		{98A2A51A-3D49-47AE-8619-14697C401B06}.Release|Win32.Build.0 = Release|Win32
		{98A2A51A-3D49-47AE-8619-14697C401B06}.Release|x64.ActiveCfg = Release|x64
		{98A2A51A-3D49-47AE-8619-14697C401B06}.Release|x64.Build.0 = Release|x64
		{1884B27C-3328-408B-A556-4F2CDC69268E}.Debug|Any CPU.ActiveCfg = Debug|Win32
		{1884B27C-3328-408B-A556-4F2CDC69268E}.Debug|Win32.ActiveCfg = Debug|Win32
		{1884B27C-3328-408B-A556-4F2CDC69268E}.Debug|Win32.Build.0 = Debug|Win32
		{1884B27C-3328-408B-A556-4F2CDC69268E}.Debug|x64.ActiveCfg = Debug|x64
		{1884B27C-3328-408B-A556-4F2CDC69268E}.Debug|x64.Build.0 = Debug|x64
		{1884B27C-3328-408B-A556-4F2CDC69268E}.Release|Any CPU.ActiveCfg = Release|Win32
		{1884B27C-3328-408B-A556-4F2CDC69268E}.Release|Win32.ActiveCfg = Release|Win32
		{1884B27C-3328-408B-A556-4F2CDC69268E}.Release|Win32.Build.0 = Release|Win32
		{1884B27C-3328-408B-A556-4F2CDC69268E}.Release|x64.ActiveCfg = Release|x64
		{1884B27C-3328-408B-A556-4F2CDC69268E}.Release|x64.Build.0 = Release|x64
		{111F6477-C5A5-4C98-A503-AA8E38335394}.Debug|Any CPU.ActiveCfg = Debug|Win32
		{111F6477-C5A5-4C98-A503-AA8E38335394}.Debug|Win32.ActiveCfg = Debug|Win32
		{111F6477-C5A5-4C98-A503-AA8E38335394}.Debug|Win32.Build.0 = Debug|Win32
		{111F6477-C5A5-4C98-A503-AA8E38335394}.Debug|x64.ActiveCfg = Debug|x64
		{111F6477-C5A5-4C98-A503-AA8E38335394}.Debug|x64.Build.0 = Debug|x64
		{111F6477-C5A5-4C98-A503-AA8E38335394}.Release|Any CPU.ActiveCfg = Release|Win32
		{111F6477-C5A5-4C98-A503-AA8E38335394}.Release|Win32.ActiveCfg = Release|Win32
		{111F6477-C5A5-4C98-A503-AA8E38335394}.Release|Win32.Build.0 = Release|Win32
		{111F6477-C5A5-4C98-A503-AA8E38335394}.Release|x64.ActiveCfg = Release|x64
		{111F6477-C5A5-4C98-A503-AA8E38335394}.Release|x64.Build.0 = Release|x64
		{A3DCFB10-EDBC-4246-A29D-028E2BEAFD5F}.Debug|Any CPU.ActiveCfg = Debug|Win32
		{A3DCFB10-EDBC-4246-A29D-028E2BEAFD5F}.Debug|Win32.ActiveCfg = Debug|Win32
		{A3DCFB10-EDBC-4246-A29D-028E2BEAFD5F}.Debug|Win32.Build.0 = Debug|Win32
		{A3DCFB10-EDBC-4246-A29D-028E2BEAFD5F}.Debug|x64.ActiveCfg = Debug|x64
		{A3DCFB10-EDBC-4246-A29D-028E2BEAFD5F}.Debug|x64.Build.0 = Debug|x64
		{A3DCFB10-EDBC-4246-A29D-028E2BEAFD5F}.Release|Any CPU.ActiveCfg = Release|Win32
		{A3DCFB10-EDBC-4246-A29D-028E2BEAFD5F}.Release|Win32.ActiveCfg = Release|Win32
		{A3DCFB10-EDBC-4246-A29D-028E2BEAFD5F}.Release|Win32.Build.0 = Release|Win32
		{A3DCFB10-EDBC-4246-A29D-028E2BEAFD5F}.Release|x64.ActiveCfg = Release|x64
		{A3DCFB10-EDBC-4246-A29D-028E2BEAFD5F}.Release|x64.Build.0 = Release|x64
		{4FA52D19-1DD9-41CA-A388-A9B1D85DA5A2}.Debug|Any CPU.ActiveCfg = Debug|Win32
		{4FA52D19-1DD9-41CA-A388-A9B1D85DA5A2}.Debug|Win32.ActiveCfg = Debug|Win32
		{4FA52D19-1DD9-41CA-A388-A9B1D85DA5A2}.Debug|Win32.Build.0 = Debug|Win32
		{4FA52D19-1DD9-41CA-A388-A9B1D85DA5A2}.Debug|x64.ActiveCfg = Debug|x64
		{4FA52D19-1DD9-41CA-A388-A9B1D85DA5A2}.Debug|x64.Build.0 = Debug|x64
		{4FA52D19-1DD9-41CA-A388-A9B1D85DA5A2}.Release|Any CPU.ActiveCfg = Release|Win32
		{4FA52D19-1DD9-41CA-A388-A9B1D85DA5A2}.Release|Win32.ActiveCfg = Release|Win32
		{4FA52D19-1DD9-41CA-A388-A9B1D85DA5A2}.Release|Win32.Build.0 = Release|Win32
		{4FA52D19-1DD9-41CA-A388-A9B1D85DA5A2}.Release|x64.ActiveCfg = Release|x64
		{4FA52D19-1DD9-41CA-A388-A9B1D85DA5A2}.Release|x64.Build.0 = Release|x64
		{0A4267BC-72E1-4708-AD88-89CAE12FF7A6}.Debug|Any CPU.ActiveCfg = Debug|Win32
		{0A4267BC-72E1-4708-AD88-89CAE12FF7A6}.Debug|Win32.ActiveCfg = Debug|Win32
		{0A4267BC-72E1-4708-AD88-89CAE12FF7A6}.Debug|Win32.Build.0 = Debug|Win32
		{0A4267BC-72E1-4708-AD88-89CAE12FF7A6}.Debug|x64.ActiveCfg = Debug|x64
		{0A4267BC-72E1-4708-AD88-89CAE12FF7A6}.Debug|x64.Build.0 = Debug|x64
		{0A4267BC-72E1-4708-AD88-89CAE12FF7A6}.Release|Any CPU.ActiveCfg = Release|Win32
		{0A4267BC-72E1-4708-AD88-89CAE12FF7A6}.Release|Win32.ActiveCfg = Release|Win32
		{0A4267BC-72E1-4708-AD88-89CAE12FF7A6}.Release|Win32.Build.0 = Release|Win32
		{0A4267BC-72E1-4708-AD88-89CAE12FF7A6}.Release|x64.ActiveCfg = Release|x64
		{0A4267BC-72E1-4708-AD88-89CAE12FF7A6}.Release|x64.Build.0 = Release|x64
		{F7E34F6D-2E66-4BC7-B68B-CF9E56B91E9D}.Debug|Any CPU.ActiveCfg = Debug|Win32
		{F7E34F6D-2E66-4BC7-B68B-CF9E56B91E9D}.Debug|Win32.ActiveCfg = Debug|Win32
		{F7E34F6D-2E66-4BC7-B68B-CF9E56B91E9D}.Debug|Win32.Build.0 = Debug|Win32
		{F7E34F6D-2E66-4BC7-B68B-CF9E56B91E9D}.Debug|x64.ActiveCfg = Debug|x64
		{F7E34F6D-2E66-4BC7-B68B-CF9E56B91E9D}.Debug|x64.Build.0 = Debug|x64
		{F7E34F6D-2E66-4BC7-B68B-CF9E56B91E9D}.Release|Any CPU.ActiveCfg = Release|Win32
		{F7E34F6D-2E66-4BC7-B68B-CF9E56B91E9D}.Release|Win32.ActiveCfg = Release|Win32
		{F7E34F6D-2E66-4BC7-B68B-CF9E56B91E9D}.Release|Win32.Build.0 = Release|Win32
		{F7E34F6D-2E66-4BC7-B68B-CF9E56B91E9D}.Release|x64.ActiveCfg = Release|x64
		{F7E34F6D-2E66-4BC7-B68B-CF9E56B91E9D}.Release|x64.Build.0 = Release|x64
		{519EA21F-50BC-428D-91CC-E8FA85D5070E}.Debug|Any CPU.ActiveCfg = Debug|Win32
		{519EA21F-50BC-428D-91CC-E8FA85D5070E}.Debug|Win32.ActiveCfg = Debug|Win32
		{519EA21F-50BC-428D-91CC-E8FA85D5070E}.Debug|Win32.Build.0 = Debug|Win32
		{519EA21F-50BC-428D-91CC-E8FA85D5070E}.Debug|x64.ActiveCfg = Debug|x64
		{519EA21F-50BC-428D-91CC-E8FA85D5070E}.Debug|x64.Build.0 = Debug|x64
		{519EA21F-50BC-428D-91CC-E8FA85D5070E}.Release|Any CPU.ActiveCfg = Release|Win32
		{519EA21F-50BC-428D-91CC-E8FA85D5070E}.Release|Win32.ActiveCfg = Release|Win32
		{519EA21F-50BC-428D-91CC-E8FA85D5070E}.Release|Win32.Build.0 = Release|Win32
		{519EA21F-50BC-428D-91CC-E8FA85D5070E}.Release|x64.ActiveCfg = Release|x64
		{519EA21F-50BC-428D-91CC-E8FA85D5070E}.Release|x64.Build.0 = Release|x64
		{49603235-4715-488F-912E-428F446D1F8D}.Debug|Any CPU.ActiveCfg = Debug|Win32
		{49603235-4715-488F-912E-428F446D1F8D}.Debug|Win32.ActiveCfg = Debug|Win32
		{49603235-4715-488F-912E-428F446D1F8D}.Debug|Win32.Build.0 = Debug|Win32
		{49603235-4715-488F-912E-428F446D1F8D}.Debug|x64.ActiveCfg = Debug|x64
		{49603235-4715-488F-912E-428F446D1F8D}.Debug|x64.Build.0 = Debug|x64
		{49603235-4715-488F-912E-428F446D1F8D}.Release|Any CPU.ActiveCfg = Release|Win32
		{49603235-4715-488F-912E-428F446D1F8D}.Release|Win32.ActiveCfg = Release|Win32
		{49603235-4715-488F-912E-428F446D1F8D}.Release|Win32.Build.0 = Release|Win32
		{49603235-4715-488F-912E-428F446D1F8D}.Release|x64.ActiveCfg = Release|x64
		{49603235-4715-488F-912E-428F446D1F8D}.Release|x64.Build.0 = Release|x64
		{FECAEF1A-860E-4AC2-8FEC-6B3D7F10CB65}.Debug|Any CPU.ActiveCfg = Debug|Win32
		{FECAEF1A-860E-4AC2-8FEC-6B3D7F10CB65}.Debug|Win32.ActiveCfg = Debug|Win32
		{FECAEF1A-860E-4AC2-8FEC-6B3D7F10CB65}.Debug|Win32.Build.0 = Debug|Win32
		{FECAEF1A-860E-4AC2-8FEC-6B3D7F10CB65}.Debug|x64.ActiveCfg = Debug|x64
		{FECAEF1A-860E-4AC2-8FEC-6B3D7F10CB65}.Debug|x64.Build.0 = Debug|x64
		{FECAEF1A-860E-4AC2-8FEC-6B3D7F10CB65}.Release|Any CPU.ActiveCfg = Release|Win32
		{FECAEF1A-860E-4AC2-8FEC-6B3D7F10CB65}.Release|Win32.ActiveCfg = Release|Win32
		{FECAEF1A-860E-4AC2-8FEC-6B3D7F10CB65}.Release|Win32.Build.0 = Release|Win32
		{FECAEF1A-860E-4AC2-8FEC-6B3D7F10CB65}.Release|x64.ActiveCfg = Release|x64
		{FECAEF1A-860E-4AC2-8FEC-6B3D7F10CB65}.Release|x64.Build.0 = Release|x64
		{DCA86342-4EA8-4794-96C6-4EFE0F6C625D}.Debug|Any CPU.ActiveCfg = Debug|Win32
		{DCA86342-4EA8-4794-96C6-4EFE0F6C625D}.Debug|Win32.ActiveCfg = Debug|Win32
		{DCA86342-4EA8-4794-96C6-4EFE0F6C625D}.Debug|Win32.Build.0 = Debug|Win32
		{DCA86342-4EA8-4794-96C6-4EFE0F6C625D}.Debug|x64.ActiveCfg = Debug|x64
		{DCA86342-4EA8-4794-96C6-4EFE0F6C625D}.Debug|x64.Build.0 = Debug|x64
		{DCA86342-4EA8-4794-96C6-4EFE0F6C625D}.Release|Any CPU.ActiveCfg = Release|Win32
		{DCA86342-4EA8-4794-96C6-4EFE0F6C625D}.Release|Win32.ActiveCfg = Release|Win32
		{DCA86342-4EA8-4794-96C6-4EFE0F6C625D}.Release|Win32.Build.0 = Release|Win32
		{DCA86342-4EA8-4794-96C6-4EFE0F6C625D}.Release|x64.ActiveCfg = Release|x64
		{DCA86342-4EA8-4794-96C6-4EFE0F6C625D}.Release|x64.Build.0 = Release|x64
		{C3F7DBA3-1B38-4BB9-BB8A-AEAE68863053}.Debug|Any CPU.ActiveCfg = Debug|Win32
		{C3F7DBA3-1B38-4BB9-BB8A-AEAE68863053}.Debug|Win32.ActiveCfg = Debug|Win32
		{C3F7DBA3-1B38-4BB9-BB8A-AEAE68863053}.Debug|Win32.Build.0 = Debug|Win32
		{C3F7DBA3-1B38-4BB9-BB8A-AEAE68863053}.Debug|x64.ActiveCfg = Debug|x64
		{C3F7DBA3-1B38-4BB9-BB8A-AEAE68863053}.Debug|x64.Build.0 = Debug|x64
		{C3F7DBA3-1B38-4BB9-BB8A-AEAE68863053}.Release|Any CPU.ActiveCfg = Release|Win32
		{C3F7DBA3-1B38-4BB9-BB8A-AEAE68863053}.Release|Win32.ActiveCfg = Release|Win32
		{C3F7DBA3-1B38-4BB9-BB8A-AEAE68863053}.Release|Win32.Build.0 = Release|Win32
		{C3F7DBA3-1B38-4BB9-BB8A-AEAE68863053}.Release|x64.ActiveCfg = Release|x64
		{C3F7DBA3-1B38-4BB9-BB8A-AEAE68863053}.Release|x64.Build.0 = Release|x64
		{99A4C6AC-0FD9-4E88-AACD-F12ACBBF943C}.Debug|Any CPU.ActiveCfg = Debug|Win32
		{99A4C6AC-0FD9-4E88-AACD-F12ACBBF943C}.Debug|Win32.ActiveCfg = Debug|Win32
		{99A4C6AC-0FD9-4E88-AACD-F12ACBBF943C}.Debug|Win32.Build.0 = Debug|Win32
		{99A4C6AC-0FD9-4E88-AACD-F12ACBBF943C}.Debug|x64.ActiveCfg = Debug|x64
		{99A4C6AC-0FD9-4E88-AACD-F12ACBBF943C}.Debug|x64.Build.0 = Debug|x64
		{99A4C6AC-0FD9-4E88-AACD-F12ACBBF943C}.Release|Any CPU.ActiveCfg = Release|Win32
		{99A4C6AC-0FD9-4E88-AACD-F12ACBBF943C}.Release|Win32.ActiveCfg = Release|Win32
		{99A4C6AC-0FD9-4E88-AACD-F12ACBBF943C}.Release|Win32.Build.0 = Release|Win32
		{99A4C6AC-0FD9-4E88-AACD-F12ACBBF943C}.Release|x64.ActiveCfg = Release|x64
		{99A4C6AC-0FD9-4E88-AACD-F12ACBBF943C}.Release|x64.Build.0 = Release|x64
		{BC684AE4-AE1B-449E-9307-1CD0EC0E7FA3}.Debug|Any CPU.ActiveCfg = Debug|Win32
		{BC684AE4-AE1B-449E-9307-1CD0EC0E7FA3}.Debug|Win32.ActiveCfg = Debug|Win32
		{BC684AE4-AE1B-449E-9307-1CD0EC0E7FA3}.Debug|Win32.Build.0 = Debug|Win32
		{BC684AE4-AE1B-449E-9307-1CD0EC0E7FA3}.Debug|x64.ActiveCfg = Debug|x64
		{BC684AE4-AE1B-449E-9307-1CD0EC0E7FA3}.Debug|x64.Build.0 = Debug|x64
		{BC684AE4-AE1B-449E-9307-1CD0EC0E7FA3}.Release|Any CPU.ActiveCfg = Release|Win32
		{BC684AE4-AE1B-449E-9307-1CD0EC0E7FA3}.Release|Win32.ActiveCfg = Release|Win32
		{BC684AE4-AE1B-449E-9307-1CD0EC0E7FA3}.Release|Win32.Build.0 = Release|Win32
		{BC684AE4-AE1B-449E-9307-1CD0EC0E7FA3}.Release|x64.ActiveCfg = Release|x64
		{BC684AE4-AE1B-449E-9307-1CD0EC0E7FA3}.Release|x64.Build.0 = Release|x64
		{66EB70DC-E37B-4288-9B87-9F584FD697FC}.Debug|Any CPU.ActiveCfg = Debug|Win32
		{66EB70DC-E37B-4288-9B87-9F584FD697FC}.Debug|Win32.ActiveCfg = Debug|Win32
		{66EB70DC-E37B-4288-9B87-9F584FD697FC}.Debug|Win32.Build.0 = Debug|Win32
		{66EB70DC-E37B-4288-9B87-9F584FD697FC}.Debug|x64.ActiveCfg = Debug|x64
		{66EB70DC-E37B-4288-9B87-9F584FD697FC}.Debug|x64.Build.0 = Debug|x64
		{66EB70DC-E37B-4288-9B87-9F584FD697FC}.Release|Any CPU.ActiveCfg = Release|Win32
		{66EB70DC-E37B-4288-9B87-9F584FD697FC}.Release|Win32.ActiveCfg = Release|Win32
		{66EB70DC-E37B-4288-9B87-9F584FD697FC}.Release|Win32.Build.0 = Release|Win32
		{66EB70DC-E37B-4288-9B87-9F584FD697FC}.Release|x64.ActiveCfg = Release|x64
		{66EB70DC-E37B-4288-9B87-9F584FD697FC}.Release|x64.Build.0 = Release|x64
		{25E879D3-F31A-4A66-8392-4C8C3E6910FF}.Debug|Any CPU.ActiveCfg = Debug|Win32
		{25E879D3-F31A-4A66-8392-4C8C3E6910FF}.Debug|Win32.ActiveCfg = Debug|Win32
		{25E879D3-F31A-4A66-8392-4C8C3E6910FF}.Debug|Win32.Build.0 = Debug|Win32
		{25E879D3-F31A-4A66-8392-4C8C3E6910FF}.Debug|x64.ActiveCfg = Debug|x64
		{25E879D3-F31A-4A66-8392-4C8C3E6910FF}.Debug|x64.Build.0 = Debug|x64
		{25E879D3-F31A-4A66-8392-4C8C3E6910FF}.Release|Any CPU.ActiveCfg = Release|Win32
		{25E879D3-F31A-4A66-8392-4C8C3E6910FF}.Release|Win32.ActiveCfg = Release|Win32
		{25E879D3-F31A-4A66-8392-4C8C3E6910FF}.Release|Win32.Build.0 = Release|Win32
		{25E879D3-F31A-4A66-8392-4C8C3E6910FF}.Release|x64.ActiveCfg = Release|x64
		{25E879D3-F31A-4A66-8392-4C8C3E6910FF}.Release|x64.Build.0 = Release|x64
		{2C12391F-4812-490A-A36E-BE406925CF99}.Debug|Any CPU.ActiveCfg = Debug|Win32
		{2C12391F-4812-490A-A36E-BE406925CF99}.Debug|Win32.ActiveCfg = Debug|Win32
		{2C12391F-4812-490A-A36E-BE406925CF99}.Debug|Win32.Build.0 = Debug|Win32
		{2C12391F-4812-490A-A36E-BE406925CF99}.Debug|x64.ActiveCfg = Debug|x64
		{2C12391F-4812-490A-A36E-BE406925CF99}.Debug|x64.Build.0 = Debug|x64
		{2C12391F-4812-490A-A36E-BE406925CF99}.Release|Any CPU.ActiveCfg = Release|Win32
		{2C12391F-4812-490A-A36E-BE406925CF99}.Release|Win32.ActiveCfg = Release|Win32
		{2C12391F-4812-490A-A36E-BE406925CF99}.Release|Win32.Build.0 = Release|Win32
		{2C12391F-4812-490A-A36E-BE406925CF99}.Release|x64.ActiveCfg = Release|x64
		{2C12391F-4812-490A-A36E-BE406925CF99}.Release|x64.Build.0 = Release|x64
		{AA9278D9-6373-4E31-9F6E-FB1415C0C22B}.Debug|Any CPU.ActiveCfg = Debug|Win32
		{AA9278D9-6373-4E31-9F6E-FB1415C0C22B}.Debug|Win32.ActiveCfg = Debug|Win32
		{AA9278D9-6373-4E31-9F6E-FB1415C0C22B}.Debug|Win32.Build.0 = Debug|Win32
		{AA9278D9-6373-4E31-9F6E-FB1415C0C22B}.Debug|x64.ActiveCfg = Debug|x64
		{AA9278D9-6373-4E31-9F6E-FB1415C0C22B}.Debug|x64.Build.0 = Debug|x64
		{AA9278D9-6373-4E31-9F6E-FB1415C0C22B}.Release|Any CPU.ActiveCfg = Release|Win32
		{AA9278D9-6373-4E31-9F6E-FB1415C0C22B}.Release|Win32.ActiveCfg = Release|Win32
		{AA9278D9-6373-4E31-9F6E-FB1415C0C22B}.Release|Win32.Build.0 = Release|Win32
		{AA9278D9-6373-4E31-9F6E-FB1415C0C22B}.Release|x64.ActiveCfg = Release|x64
		{AA9278D9-6373-4E31-9F6E-FB1415C0C22B}.Release|x64.Build.0 = Release|x64
		{DBCC98EE-B740-4804-B242-A4FE7F6F4CC3}.Debug|Any CPU.ActiveCfg = Debug|Win32
		{DBCC98EE-B740-4804-B242-A4FE7F6F4CC3}.Debug|Win32.ActiveCfg = Debug|Win32
		{DBCC98EE-B740-4804-B242-A4FE7F6F4CC3}.Debug|Win32.Build.0 = Debug|Win32
		{DBCC98EE-B740-4804-B242-A4FE7F6F4CC3}.Debug|x64.ActiveCfg = Debug|x64
		{DBCC98EE-B740-4804-B242-A4FE7F6F4CC3}.Debug|x64.Build.0 = Debug|x64
		{DBCC98EE-B740-4804-B242-A4FE7F6F4CC3}.Release|Any CPU.ActiveCfg = Release|Win32
		{DBCC98EE-B740-4804-B242-A4FE7F6F4CC3}.Release|Win32.ActiveCfg = Release|Win32
		{DBCC98EE-B740-4804-B242-A4FE7F6F4CC3}.Release|Win32.Build.0 = Release|Win32
		{DBCC98EE-B740-4804-B242-A4FE7F6F4CC3}.Release|x64.ActiveCfg = Release|x64
		{DBCC98EE-B740-4804-B242-A4FE7F6F4CC3}.Release|x64.Build.0 = Release|x64
		{5A6AB737-F692-4C6E-BDFE-85084D9CCB02}.Debug|Any CPU.ActiveCfg = Debug|Win32
		{5A6AB737-F692-4C6E-BDFE-85084D9CCB02}.Debug|Win32.ActiveCfg = Debug|Win32
		{5A6AB737-F692-4C6E-BDFE-85084D9CCB02}.Debug|Win32.Build.0 = Debug|Win32
		{5A6AB737-F692-4C6E-BDFE-85084D9CCB02}.Debug|x64.ActiveCfg = Debug|x64
		{5A6AB737-F692-4C6E-BDFE-85084D9CCB02}.Debug|x64.Build.0 = Debug|x64
		{5A6AB737-F692-4C6E-BDFE-85084D9CCB02}.Release|Any CPU.ActiveCfg = Release|Win32
		{5A6AB737-F692-4C6E-BDFE-85084D9CCB02}.Release|Win32.ActiveCfg = Release|Win32
		{5A6AB737-F692-4C6E-BDFE-85084D9CCB02}.Release|Win32.Build.0 = Release|Win32
		{5A6AB737-F692-4C6E-BDFE-85084D9CCB02}.Release|x64.ActiveCfg = Release|x64
		{5A6AB737-F692-4C6E-BDFE-85084D9CCB02}.Release|x64.Build.0 = Release|x64
		{AEA51F9E-E95F-42E7-B755-0BF7AE5527EC}.Debug|Any CPU.ActiveCfg = Debug|Win32
		{AEA51F9E-E95F-42E7-B755-0BF7AE5527EC}.Debug|Win32.ActiveCfg = Debug|Win32
		{AEA51F9E-E95F-42E7-B755-0BF7AE5527EC}.Debug|Win32.Build.0 = Debug|Win32
		{AEA51F9E-E95F-42E7-B755-0BF7AE5527EC}.Debug|x64.ActiveCfg = Debug|x64
		{AEA51F9E-E95F-42E7-B755-0BF7AE5527EC}.Debug|x64.Build.0 = Debug|x64
		{AEA51F9E-E95F-42E7-B755-0BF7AE5527EC}.Release|Any CPU.ActiveCfg = Release|Win32
		{AEA51F9E-E95F-42E7-B755-0BF7AE5527EC}.Release|Win32.ActiveCfg = Release|Win32
		{AEA51F9E-E95F-42E7-B755-0BF7AE5527EC}.Release|Win32.Build.0 = Release|Win32
		{AEA51F9E-E95F-42E7-B755-0BF7AE5527EC}.Release|x64.ActiveCfg = Release|x64
		{AEA51F9E-E95F-42E7-B755-0BF7AE5527EC}.Release|x64.Build.0 = Release|x64
		{FA791B5B-0BFC-49E4-8490-485A7913C700}.Debug|Any CPU.ActiveCfg = Debug|Win32
		{FA791B5B-0BFC-49E4-8490-485A7913C700}.Debug|Win32.ActiveCfg = Debug|Win32
		{FA791B5B-0BFC-49E4-8490-485A7913C700}.Debug|Win32.Build.0 = Debug|Win32
		{FA791B5B-0BFC-49E4-8490-485A7913C700}.Debug|x64.ActiveCfg = Debug|x64
		{FA791B5B-0BFC-49E4-8490-485A7913C700}.Debug|x64.Build.0 = Debug|x64
		{FA791B5B-0BFC-49E4-8490-485A7913C700}.Release|Any CPU.ActiveCfg = Release|Win32
		{FA791B5B-0BFC-49E4-8490-485A7913C700}.Release|Win32.ActiveCfg = Release|Win32
		{FA791B5B-0BFC-49E4-8490-485A7913C700}.Release|Win32.Build.0 = Release|Win32
		{FA791B5B-0BFC-49E4-8490-485A7913C700}.Release|x64.ActiveCfg = Release|x64
		{FA791B5B-0BFC-49E4-8490-485A7913C700}.Release|x64.Build.0 = Release|x64
		{05CCF174-D354-43B5-B4B5-E9D3F6476431}.Debug|Any CPU.ActiveCfg = Debug|Win32
		{05CCF174-D354-43B5-B4B5-E9D3F6476431}.Debug|Win32.ActiveCfg = Debug|Win32
		{05CCF174-D354-43B5-B4B5-E9D3F6476431}.Debug|Win32.Build.0 = Debug|Win32
		{05CCF174-D354-43B5-B4B5-E9D3F6476431}.Debug|x64.ActiveCfg = Debug|x64
		{05CCF174-D354-43B5-B4B5-E9D3F6476431}.Debug|x64.Build.0 = Debug|x64
		{05CCF174-D354-43B5-B4B5-E9D3F6476431}.Release|Any CPU.ActiveCfg = Release|Win32
		{05CCF174-D354-43B5-B4B5-E9D3F6476431}.Release|Win32.ActiveCfg = Release|Win32
		{05CCF174-D354-43B5-B4B5-E9D3F6476431}.Release|Win32.Build.0 = Release|Win32
		{05CCF174-D354-43B5-B4B5-E9D3F6476431}.Release|x64.ActiveCfg = Release|x64
		{05CCF174-D354-43B5-B4B5-E9D3F6476431}.Release|x64.Build.0 = Release|x64
		{20D7E2FA-BABC-4D76-ABB9-FA9CBD391F5A}.Debug|Any CPU.ActiveCfg = Debug|Win32
		{20D7E2FA-BABC-4D76-ABB9-FA9CBD391F5A}.Debug|Win32.ActiveCfg = Debug|Win32
		{20D7E2FA-BABC-4D76-ABB9-FA9CBD391F5A}.Debug|Win32.Build.0 = Debug|Win32
		{20D7E2FA-BABC-4D76-ABB9-FA9CBD391F5A}.Debug|x64.ActiveCfg = Debug|x64
		{20D7E2FA-BABC-4D76-ABB9-FA9CBD391F5A}.Debug|x64.Build.0 = Debug|x64
		{20D7E2FA-BABC-4D76-ABB9-FA9CBD391F5A}.Release|Any CPU.ActiveCfg = Release|Win32
		{20D7E2FA-BABC-4D76-ABB9-FA9CBD391F5A}.Release|Win32.ActiveCfg = Release|Win32
		{20D7E2FA-BABC-4D76-ABB9-FA9CBD391F5A}.Release|Win32.Build.0 = Release|Win32
		{20D7E2FA-BABC-4D76-ABB9-FA9CBD391F5A}.Release|x64.ActiveCfg = Release|x64
		{20D7E2FA-BABC-4D76-ABB9-FA9CBD391F5A}.Release|x64.Build.0 = Release|x64
		{038F9F5E-F8B4-484B-9DB2-E1A2041ADC45}.Debug|Any CPU.ActiveCfg = Debug|Win32
		{038F9F5E-F8B4-484B-9DB2-E1A2041ADC45}.Debug|Win32.ActiveCfg = Debug|Win32
		{038F9F5E-F8B4-484B-9DB2-E1A2041ADC45}.Debug|Win32.Build.0 = Debug|Win32
		{038F9F5E-F8B4-484B-9DB2-E1A2041ADC45}.Debug|x64.ActiveCfg = Debug|x64
		{038F9F5E-F8B4-484B-9DB2-E1A2041ADC45}.Debug|x64.Build.0 = Debug|x64
		{038F9F5E-F8B4-484B-9DB2-E1A2041ADC45}.Release|Any CPU.ActiveCfg = Release|Win32
		{038F9F5E-F8B4-484B-9DB2-E1A2041ADC45}.Release|Win32.ActiveCfg = Release|Win32
		{038F9F5E-F8B4-484B-9DB2-E1A2041ADC45}.Release|Win32.Build.0 = Release|Win32
		{038F9F5E-F8B4-484B-9DB2-E1A2041ADC45}.Release|x64.ActiveCfg = Release|x64
		{038F9F5E-F8B4-484B-9DB2-E1A2041ADC45}.Release|x64.Build.0 = Release|x64
		{18ED7D23-02A2-4D9D-8EE9-6B16EF1F5197}.Debug|Any CPU.ActiveCfg = Debug|Win32
		{18ED7D23-02A2-4D9D-8EE9-6B16EF1F5197}.Debug|Win32.ActiveCfg = Debug|Win32
		{18ED7D23-02A2-4D9D-8EE9-6B16EF1F5197}.Debug|Win32.Build.0 = Debug|Win32
		{18ED7D23-02A2-4D9D-8EE9-6B16EF1F5197}.Debug|x64.ActiveCfg = Debug|x64
		{18ED7D23-02A2-4D9D-8EE9-6B16EF1F5197}.Debug|x64.Build.0 = Debug|x64
		{18ED7D23-02A2-4D9D-8EE9-6B16EF1F5197}.Release|Any CPU.ActiveCfg = Release|Win32
		{18ED7D23-02A2-4D9D-8EE9-6B16EF1F5197}.Release|Win32.ActiveCfg = Release|Win32
		{18ED7D23-02A2-4D9D-8EE9-6B16EF1F5197}.Release|Win32.Build.0 = Release|Win32
		{18ED7D23-02A2-4D9D-8EE9-6B16EF1F5197}.Release|x64.ActiveCfg = Release|x64
		{18ED7D23-02A2-4D9D-8EE9-6B16EF1F5197}.Release|x64.Build.0 = Release|x64
		{5E588F03-0CA6-469F-A98B-9DB2E6706AC5}.Debug|Any CPU.ActiveCfg = Debug|Win32
		{5E588F03-0CA6-469F-A98B-9DB2E6706AC5}.Debug|Win32.ActiveCfg = Debug|Win32
		{5E588F03-0CA6-469F-A98B-9DB2E6706AC5}.Debug|Win32.Build.0 = Debug|Win32
		{5E588F03-0CA6-469F-A98B-9DB2E6706AC5}.Debug|x64.ActiveCfg = Debug|x64
		{5E588F03-0CA6-469F-A98B-9DB2E6706AC5}.Debug|x64.Build.0 = Debug|x64
		{5E588F03-0CA6-469F-A98B-9DB2E6706AC5}.Release|Any CPU.ActiveCfg = Release|Win32
		{5E588F03-0CA6-469F-A98B-9DB2E6706AC5}.Release|Win32.ActiveCfg = Release|Win32
		{5E588F03-0CA6-469F-A98B-9DB2E6706AC5}.Release|Win32.Build.0 = Release|Win32
		{5E588F03-0CA6-469F-A98B-9DB2E6706AC5}.Release|x64.ActiveCfg = Release|x64
		{5E588F03-0CA6-469F-A98B-9DB2E6706AC5}.Release|x64.Build.0 = Release|x64
		{96C16EB2-237A-4219-AE86-9FD4674C19B5}.Debug|Any CPU.ActiveCfg = Debug|Win32
		{96C16EB2-237A-4219-AE86-9FD4674C19B5}.Debug|Win32.ActiveCfg = Debug|Win32
		{96C16EB2-237A-4219-AE86-9FD4674C19B5}.Debug|Win32.Build.0 = Debug|Win32
		{96C16EB2-237A-4219-AE86-9FD4674C19B5}.Debug|x64.ActiveCfg = Debug|x64
		{96C16EB2-237A-4219-AE86-9FD4674C19B5}.Debug|x64.Build.0 = Debug|x64
		{96C16EB2-237A-4219-AE86-9FD4674C19B5}.Release|Any CPU.ActiveCfg = Release|Win32
		{96C16EB2-237A-4219-AE86-9FD4674C19B5}.Release|Win32.ActiveCfg = Release|Win32
		{96C16EB2-237A-4219-AE86-9FD4674C19B5}.Release|Win32.Build.0 = Release|Win32
		{96C16EB2-237A-4219-AE86-9FD4674C19B5}.Release|x64.ActiveCfg = Release|x64
		{96C16EB2-237A-4219-AE86-9FD4674C19B5}.Release|x64.Build.0 = Release|x64
		{85640002-B936-4598-B355-0F04F2281F95}.Debug|Any CPU.ActiveCfg = Debug|Win32
		{85640002-B936-4598-B355-0F04F2281F95}.Debug|Win32.ActiveCfg = Debug|Win32
		{85640002-B936-4598-B355-0F04F2281F95}.Debug|Win32.Build.0 = Debug|Win32
		{85640002-B936-4598-B355-0F04F2281F95}.Debug|x64.ActiveCfg = Debug|x64
		{85640002-B936-4598-B355-0F04F2281F95}.Debug|x64.Build.0 = Debug|x64
		{85640002-B936-4598-B355-0F04F2281F95}.Release|Any CPU.ActiveCfg = Release|Win32
		{85640002-B936-4598-B355-0F04F2281F95}.Release|Win32.ActiveCfg = Release|Win32
		{85640002-B936-4598-B355-0F04F2281F95}.Release|Win32.Build.0 = Release|Win32
		{85640002-B936-4598-B355-0F04F2281F95}.Release|x64.ActiveCfg = Release|x64
		{85640002-B936-4598-B355-0F04F2281F95}.Release|x64.Build.0 = Release|x64
		{4D62A1B5-2BF4-4636-B6D7-F224BDFC9C7B}.Debug|Any CPU.ActiveCfg = Debug|Win32
		{4D62A1B5-2BF4-4636-B6D7-F224BDFC9C7B}.Debug|Win32.ActiveCfg = Debug|Win32
		{4D62A1B5-2BF4-4636-B6D7-F224BDFC9C7B}.Debug|Win32.Build.0 = Debug|Win32
		{4D62A1B5-2BF4-4636-B6D7-F224BDFC9C7B}.Debug|x64.ActiveCfg = Debug|x64
		{4D62A1B5-2BF4-4636-B6D7-F224BDFC9C7B}.Debug|x64.Build.0 = Debug|x64
		{4D62A1B5-2BF4-4636-B6D7-F224BDFC9C7B}.Release|Any CPU.ActiveCfg = Release|Win32
		{4D62A1B5-2BF4-4636-B6D7-F224BDFC9C7B}.Release|Win32.ActiveCfg = Release|Win32
		{4D62A1B5-2BF4-4636-B6D7-F224BDFC9C7B}.Release|Win32.Build.0 = Release|Win32
		{4D62A1B5-2BF4-4636-B6D7-F224BDFC9C7B}.Release|x64.ActiveCfg = Release|x64
		{4D62A1B5-2BF4-4636-B6D7-F224BDFC9C7B}.Release|x64.Build.0 = Release|x64
		{86FB317B-0CBB-4B90-89B3-01A9D2C1E43A}.Debug|Any CPU.ActiveCfg = Debug|Win32
		{86FB317B-0CBB-4B90-89B3-01A9D2C1E43A}.Debug|Win32.ActiveCfg = Debug|Win32
		{86FB317B-0CBB-4B90-89B3-01A9D2C1E43A}.Debug|Win32.Build.0 = Debug|Win32
		{86FB317B-0CBB-4B90-89B3-01A9D2C1E43A}.Debug|x64.ActiveCfg = Debug|x64
		{86FB317B-0CBB-4B90-89B3-01A9D2C1E43A}.Debug|x64.Build.0 = Debug|x64
		{86FB317B-0CBB-4B90-89B3-01A9D2C1E43A}.Release|Any CPU.ActiveCfg = Release|Win32
		{86FB317B-0CBB-4B90-89B3-01A9D2C1E43A}.Release|Win32.ActiveCfg = Release|Win32
		{86FB317B-0CBB-4B90-89B3-01A9D2C1E43A}.Release|Win32.Build.0 = Release|Win32
		{86FB317B-0CBB-4B90-89B3-01A9D2C1E43A}.Release|x64.ActiveCfg = Release|x64
		{86FB317B-0CBB-4B90-89B3-01A9D2C1E43A}.Release|x64.Build.0 = Release|x64
		{4FDF189F-D124-4A55-9D5C-1D9B4426FC71}.Debug|Any CPU.ActiveCfg = Debug|Win32
		{4FDF189F-D124-4A55-9D5C-1D9B4426FC71}.Debug|Win32.ActiveCfg = Debug|Win32
		{4FDF189F-D124-4A55-9D5C-1D9B4426FC71}.Debug|Win32.Build.0 = Debug|Win32
		{4FDF189F-D124-4A55-9D5C-1D9B4426FC71}.Debug|x64.ActiveCfg = Debug|x64
		{4FDF189F-D124-4A55-9D5C-1D9B4426FC71}.Debug|x64.Build.0 = Debug|x64
		{4FDF189F-D124-4A55-9D5C-1D9B4426FC71}.Release|Any CPU.ActiveCfg = Release|Win32
		{4FDF189F-D124-4A55-9D5C-1D9B4426FC71}.Release|Win32.ActiveCfg = Release|Win32
		{4FDF189F-D124-4A55-9D5C-1D9B4426FC71}.Release|Win32.Build.0 = Release|Win32
		{4FDF189F-D124-4A55-9D5C-1D9B4426FC71}.Release|x64.ActiveCfg = Release|x64
		{4FDF189F-D124-4A55-9D5C-1D9B4426FC71}.Release|x64.Build.0 = Release|x64
		{45250891-3E15-4EDB-9D84-00BB5453CF80}.Debug|Any CPU.ActiveCfg = Debug|Win32
		{45250891-3E15-4EDB-9D84-00BB5453CF80}.Debug|Win32.ActiveCfg = Debug|Win32
		{45250891-3E15-4EDB-9D84-00BB5453CF80}.Debug|Win32.Build.0 = Debug|Win32
		{45250891-3E15-4EDB-9D84-00BB5453CF80}.Debug|x64.ActiveCfg = Debug|x64
		{45250891-3E15-4EDB-9D84-00BB5453CF80}.Debug|x64.Build.0 = Debug|x64
		{45250891-3E15-4EDB-9D84-00BB5453CF80}.Release|Any CPU.ActiveCfg = Release|Win32
		{45250891-3E15-4EDB-9D84-00BB5453CF80}.Release|Win32.ActiveCfg = Release|Win32
		{45250891-3E15-4EDB-9D84-00BB5453CF80}.Release|Win32.Build.0 = Release|Win32
		{45250891-3E15-4EDB-9D84-00BB5453CF80}.Release|x64.ActiveCfg = Release|x64
		{45250891-3E15-4EDB-9D84-00BB5453CF80}.Release|x64.Build.0 = Release|x64
		{52B8156C-FAF9-4576-BC0D-DDACEBD1A16D}.Debug|Any CPU.ActiveCfg = Debug|Win32
		{52B8156C-FAF9-4576-BC0D-DDACEBD1A16D}.Debug|Win32.ActiveCfg = Debug|Win32
		{52B8156C-FAF9-4576-BC0D-DDACEBD1A16D}.Debug|Win32.Build.0 = Debug|Win32
		{52B8156C-FAF9-4576-BC0D-DDACEBD1A16D}.Debug|x64.ActiveCfg = Debug|x64
		{52B8156C-FAF9-4576-BC0D-DDACEBD1A16D}.Debug|x64.Build.0 = Debug|x64
		{52B8156C-FAF9-4576-BC0D-DDACEBD1A16D}.Release|Any CPU.ActiveCfg = Release|Win32
		{52B8156C-FAF9-4576-BC0D-DDACEBD1A16D}.Release|Win32.ActiveCfg = Release|Win32
		{52B8156C-FAF9-4576-BC0D-DDACEBD1A16D}.Release|Win32.Build.0 = Release|Win32
		{52B8156C-FAF9-4576-BC0D-DDACEBD1A16D}.Release|x64.ActiveCfg = Release|x64
		{52B8156C-FAF9-4576-BC0D-DDACEBD1A16D}.Release|x64.Build.0 = Release|x64
		{73ACEB93-4406-4592-A251-624E52205A39}.Debug|Any CPU.ActiveCfg = Debug|Win32
		{73ACEB93-4406-4592-A251-624E52205A39}.Debug|Win32.ActiveCfg = Debug|Win32
		{73ACEB93-4406-4592-A251-624E52205A39}.Debug|Win32.Build.0 = Debug|Win32
		{73ACEB93-4406-4592-A251-624E52205A39}.Debug|x64.ActiveCfg = Debug|x64
		{73ACEB93-4406-4592-A251-624E52205A39}.Debug|x64.Build.0 = Debug|x64
		{73ACEB93-4406-4592-A251-624E52205A39}.Release|Any CPU.ActiveCfg = Release|Win32
		{73ACEB93-4406-4592-A251-624E52205A39}.Release|Win32.ActiveCfg = Release|Win32
		{73ACEB93-4406-4592-A251-624E52205A39}.Release|Win32.Build.0 = Release|Win32
		{73ACEB93-4406-4592-A251-624E52205A39}.Release|x64.ActiveCfg = Release|x64
		{73ACEB93-4406-4592-A251-624E52205A39}.Release|x64.Build.0 = Release|x64
		{2C5A56FB-A027-40E1-8CB7-68E923434E79}.Debug|Any CPU.ActiveCfg = Debug|Win32
		{2C5A56FB-A027-40E1-8CB7-68E923434E79}.Debug|Win32.ActiveCfg = Debug|Win32
		{2C5A56FB-A027-40E1-8CB7-68E923434E79}.Debug|Win32.Build.0 = Debug|Win32
		{2C5A56FB-A027-40E1-8CB7-68E923434E79}.Debug|x64.ActiveCfg = Debug|x64
		{2C5A56FB-A027-40E1-8CB7-68E923434E79}.Debug|x64.Build.0 = Debug|x64
		{2C5A56FB-A027-40E1-8CB7-68E923434E79}.Release|Any CPU.ActiveCfg = Release|Win32
		{2C5A56FB-A027-40E1-8CB7-68E923434E79}.Release|Win32.ActiveCfg = Release|Win32
		{2C5A56FB-A027-40E1-8CB7-68E923434E79}.Release|Win32.Build.0 = Release|Win32
		{2C5A56FB-A027-40E1-8CB7-68E923434E79}.Release|x64.ActiveCfg = Release|x64
		{2C5A56FB-A027-40E1-8CB7-68E923434E79}.Release|x64.Build.0 = Release|x64
		{69FF0D92-508B-4662-999F-258E92521478}.Debug|Any CPU.ActiveCfg = Debug|Win32
		{69FF0D92-508B-4662-999F-258E92521478}.Debug|Win32.ActiveCfg = Debug|Win32
		{69FF0D92-508B-4662-999F-258E92521478}.Debug|Win32.Build.0 = Debug|Win32
		{69FF0D92-508B-4662-999F-258E92521478}.Debug|x64.ActiveCfg = Debug|x64
		{69FF0D92-508B-4662-999F-258E92521478}.Debug|x64.Build.0 = Debug|x64
		{69FF0D92-508B-4662-999F-258E92521478}.Release|Any CPU.ActiveCfg = Release|Win32
		{69FF0D92-508B-4662-999F-258E92521478}.Release|Win32.ActiveCfg = Release|Win32
		{69FF0D92-508B-4662-999F-258E92521478}.Release|Win32.Build.0 = Release|Win32
		{69FF0D92-508B-4662-999F-258E92521478}.Release|x64.ActiveCfg = Release|x64
		{69FF0D92-508B-4662-999F-258E92521478}.Release|x64.Build.0 = Release|x64
		{6D933FA7-81E7-48CC-A86E-33466F86C259}.Debug|Any CPU.ActiveCfg = Debug|Win32
		{6D933FA7-81E7-48CC-A86E-33466F86C259}.Debug|Win32.ActiveCfg = Debug|Win32
		{6D933FA7-81E7-48CC-A86E-33466F86C259}.Debug|Win32.Build.0 = Debug|Win32
		{6D933FA7-81E7-48CC-A86E-33466F86C259}.Debug|x64.ActiveCfg = Debug|x64
		{6D933FA7-81E7-48CC-A86E-33466F86C259}.Debug|x64.Build.0 = Debug|x64
		{6D933FA7-81E7-48CC-A86E-33466F86C259}.Release|Any CPU.ActiveCfg = Release|Win32
		{6D933FA7-81E7-48CC-A86E-33466F86C259}.Release|Win32.ActiveCfg = Release|Win32
		{6D933FA7-81E7-48CC-A86E-33466F86C259}.Release|Win32.Build.0 = Release|Win32
		{6D933FA7-81E7-48CC-A86E-33466F86C259}.Release|x64.ActiveCfg = Release|x64
		{6D933FA7-81E7-48CC-A86E-33466F86C259}.Release|x64.Build.0 = Release|x64
		{25D1946D-722F-477B-98B0-C431502D90BD}.Debug|Any CPU.ActiveCfg = Debug|Win32
		{25D1946D-722F-477B-98B0-C431502D90BD}.Debug|Win32.ActiveCfg = Debug|Win32
		{25D1946D-722F-477B-98B0-C431502D90BD}.Debug|Win32.Build.0 = Debug|Win32
		{25D1946D-722F-477B-98B0-C431502D90BD}.Debug|x64.ActiveCfg = Debug|x64
		{25D1946D-722F-477B-98B0-C431502D90BD}.Debug|x64.Build.0 = Debug|x64
		{25D1946D-722F-477B-98B0-C431502D90BD}.Release|Any CPU.ActiveCfg = Release|Win32
		{25D1946D-722F-477B-98B0-C431502D90BD}.Release|Win32.ActiveCfg = Release|Win32
		{25D1946D-722F-477B-98B0-C431502D90BD}.Release|Win32.Build.0 = Release|Win32
		{25D1946D-722F-477B-98B0-C431502D90BD}.Release|x64.ActiveCfg = Release|x64
		{25D1946D-722F-477B-98B0-C431502D90BD}.Release|x64.Build.0 = Release|x64
		{F7CEEFB9-FC68-4A8E-9171-C36399E272B3}.Debug|Any CPU.ActiveCfg = Debug|Win32
		{F7CEEFB9-FC68-4A8E-9171-C36399E272B3}.Debug|Win32.ActiveCfg = Debug|Win32
		{F7CEEFB9-FC68-4A8E-9171-C36399E272B3}.Debug|Win32.Build.0 = Debug|Win32
		{F7CEEFB9-FC68-4A8E-9171-C36399E272B3}.Debug|x64.ActiveCfg = Debug|x64
		{F7CEEFB9-FC68-4A8E-9171-C36399E272B3}.Debug|x64.Build.0 = Debug|x64
		{F7CEEFB9-FC68-4A8E-9171-C36399E272B3}.Release|Any CPU.ActiveCfg = Release|Win32
		{F7CEEFB9-FC68-4A8E-9171-C36399E272B3}.Release|Win32.ActiveCfg = Release|Win32
		{F7CEEFB9-FC68-4A8E-9171-C36399E272B3}.Release|Win32.Build.0 = Release|Win32
		{F7CEEFB9-FC68-4A8E-9171-C36399E272B3}.Release|x64.ActiveCfg = Release|x64
		{F7CEEFB9-FC68-4A8E-9171-C36399E272B3}.Release|x64.Build.0 = Release|x64
		{5C75EC29-7621-4247-BDF5-195C1F810681}.Debug|Any CPU.ActiveCfg = Debug|Win32
		{5C75EC29-7621-4247-BDF5-195C1F810681}.Debug|Win32.ActiveCfg = Debug|Win32
		{5C75EC29-7621-4247-BDF5-195C1F810681}.Debug|Win32.Build.0 = Debug|Win32
		{5C75EC29-7621-4247-BDF5-195C1F810681}.Debug|x64.ActiveCfg = Debug|x64
		{5C75EC29-7621-4247-BDF5-195C1F810681}.Debug|x64.Build.0 = Debug|x64
		{5C75EC29-7621-4247-BDF5-195C1F810681}.Release|Any CPU.ActiveCfg = Release|Win32
		{5C75EC29-7621-4247-BDF5-195C1F810681}.Release|Win32.ActiveCfg = Release|Win32
		{5C75EC29-7621-4247-BDF5-195C1F810681}.Release|Win32.Build.0 = Release|Win32
		{5C75EC29-7621-4247-BDF5-195C1F810681}.Release|x64.ActiveCfg = Release|x64
		{5C75EC29-7621-4247-BDF5-195C1F810681}.Release|x64.Build.0 = Release|x64
		{2F320F93-248F-4AB4-A27B-F914B63B5330}.Debug|Any CPU.ActiveCfg = Debug|Win32
		{2F320F93-248F-4AB4-A27B-F914B63B5330}.Debug|Win32.ActiveCfg = Debug|Win32
		{2F320F93-248F-4AB4-A27B-F914B63B5330}.Debug|Win32.Build.0 = Debug|Win32
		{2F320F93-248F-4AB4-A27B-F914B63B5330}.Debug|x64.ActiveCfg = Debug|x64
		{2F320F93-248F-4AB4-A27B-F914B63B5330}.Debug|x64.Build.0 = Debug|x64
		{2F320F93-248F-4AB4-A27B-F914B63B5330}.Release|Any CPU.ActiveCfg = Release|Win32
		{2F320F93-248F-4AB4-A27B-F914B63B5330}.Release|Win32.ActiveCfg = Release|Win32
		{2F320F93-248F-4AB4-A27B-F914B63B5330}.Release|Win32.Build.0 = Release|Win32
		{2F320F93-248F-4AB4-A27B-F914B63B5330}.Release|x64.ActiveCfg = Release|x64
		{2F320F93-248F-4AB4-A27B-F914B63B5330}.Release|x64.Build.0 = Release|x64
		{B2753AEF-0DAC-45D1-B2A7-7B94CB043F4C}.Debug|Any CPU.ActiveCfg = Debug|Win32
		{B2753AEF-0DAC-45D1-B2A7-7B94CB043F4C}.Debug|Win32.ActiveCfg = Debug|Win32
		{B2753AEF-0DAC-45D1-B2A7-7B94CB043F4C}.Debug|Win32.Build.0 = Debug|Win32
		{B2753AEF-0DAC-45D1-B2A7-7B94CB043F4C}.Debug|x64.ActiveCfg = Debug|x64
		{B2753AEF-0DAC-45D1-B2A7-7B94CB043F4C}.Debug|x64.Build.0 = Debug|x64
		{B2753AEF-0DAC-45D1-B2A7-7B94CB043F4C}.Release|Any CPU.ActiveCfg = Release|Win32
		{B2753AEF-0DAC-45D1-B2A7-7B94CB043F4C}.Release|Win32.ActiveCfg = Release|Win32
		{B2753AEF-0DAC-45D1-B2A7-7B94CB043F4C}.Release|Win32.Build.0 = Release|Win32
		{B2753AEF-0DAC-45D1-B2A7-7B94CB043F4C}.Release|x64.ActiveCfg = Release|x64
		{B2753AEF-0DAC-45D1-B2A7-7B94CB043F4C}.Release|x64.Build.0 = Release|x64
		{503E119E-6391-4081-9B18-4A8F352701F0}.Debug|Any CPU.ActiveCfg = Debug|Win32
		{503E119E-6391-4081-9B18-4A8F352701F0}.Debug|Win32.ActiveCfg = Debug|Win32
		{503E119E-6391-4081-9B18-4A8F352701F0}.Debug|Win32.Build.0 = Debug|Win32
		{503E119E-6391-4081-9B18-4A8F352701F0}.Debug|x64.ActiveCfg = Debug|x64
		{503E119E-6391-4081-9B18-4A8F352701F0}.Debug|x64.Build.0 = Debug|x64
		{503E119E-6391-4081-9B18-4A8F352701F0}.Release|Any CPU.ActiveCfg = Release|Win32
		{503E119E-6391-4081-9B18-4A8F352701F0}.Release|Win32.ActiveCfg = Release|Win32
		{503E119E-6391-4081-9B18-4A8F352701F0}.Release|Win32.Build.0 = Release|Win32
		{503E119E-6391-4081-9B18-4A8F352701F0}.Release|x64.ActiveCfg = Release|x64
		{503E119E-6391-4081-9B18-4A8F352701F0}.Release|x64.Build.0 = Release|x64
		{4D19FF98-B975-420C-80FB-B82CC4EB09B1}.Debug|Any CPU.ActiveCfg = Debug|Win32
		{4D19FF98-B975-420C-80FB-B82CC4EB09B1}.Debug|Win32.ActiveCfg = Debug|Win32
		{4D19FF98-B975-420C-80FB-B82CC4EB09B1}.Debug|Win32.Build.0 = Debug|Win32
		{4D19FF98-B975-420C-80FB-B82CC4EB09B1}.Debug|x64.ActiveCfg = Debug|x64
		{4D19FF98-B975-420C-80FB-B82CC4EB09B1}.Debug|x64.Build.0 = Debug|x64
		{4D19FF98-B975-420C-80FB-B82CC4EB09B1}.Release|Any CPU.ActiveCfg = Release|Win32
		{4D19FF98-B975-420C-80FB-B82CC4EB09B1}.Release|Win32.ActiveCfg = Release|Win32
		{4D19FF98-B975-420C-80FB-B82CC4EB09B1}.Release|Win32.Build.0 = Release|Win32
		{4D19FF98-B975-420C-80FB-B82CC4EB09B1}.Release|x64.ActiveCfg = Release|x64
		{4D19FF98-B975-420C-80FB-B82CC4EB09B1}.Release|x64.Build.0 = Release|x64
		{B9223563-DAA7-4111-B8A1-A72D787880B1}.Debug|Any CPU.ActiveCfg = Debug|Win32
		{B9223563-DAA7-4111-B8A1-A72D787880B1}.Debug|Win32.ActiveCfg = Debug|Win32
		{B9223563-DAA7-4111-B8A1-A72D787880B1}.Debug|Win32.Build.0 = Debug|Win32
		{B9223563-DAA7-4111-B8A1-A72D787880B1}.Debug|x64.ActiveCfg = Debug|x64
		{B9223563-DAA7-4111-B8A1-A72D787880B1}.Debug|x64.Build.0 = Debug|x64
		{B9223563-DAA7-4111-B8A1-A72D787880B1}.Release|Any CPU.ActiveCfg = Release|Win32
		{B9223563-DAA7-4111-B8A1-A72D787880B1}.Release|Win32.ActiveCfg = Release|Win32
		{B9223563-DAA7-4111-B8A1-A72D787880B1}.Release|Win32.Build.0 = Release|Win32
		{B9223563-DAA7-4111-B8A1-A72D787880B1}.Release|x64.ActiveCfg = Release|x64
		{B9223563-DAA7-4111-B8A1-A72D787880B1}.Release|x64.Build.0 = Release|x64
	EndGlobalSection
	GlobalSection(SolutionProperties) = preSolution
		HideSolutionNode = FALSE
	EndGlobalSection
	GlobalSection(NestedProjects) = preSolution
		{E581879F-51CC-4F42-8464-B3E3FD399290} = {EF1EAF4C-0782-4B0C-8F58-3A88E872430D}
		{67BE0E2E-8ED8-4570-89CC-BAD8F5329FB5} = {EF1EAF4C-0782-4B0C-8F58-3A88E872430D}
		{30B5F45A-BBC4-4A24-BDDF-3AF71232D787} = {EF1EAF4C-0782-4B0C-8F58-3A88E872430D}
		{C0ABE188-FFF7-4692-AFD8-90F0800CDBF2} = {EF1EAF4C-0782-4B0C-8F58-3A88E872430D}
		{2374D17B-9E10-4F7D-8DD1-831FC1AFDB5F} = {EF1EAF4C-0782-4B0C-8F58-3A88E872430D}
		{4D576211-D94D-4B04-9E8A-B5416F950C58} = {EF1EAF4C-0782-4B0C-8F58-3A88E872430D}
		{078925CA-047E-4339-9DAA-512F8D986E62} = {EF1EAF4C-0782-4B0C-8F58-3A88E872430D}
		{BE917817-01CE-45F4-B302-19EC39A76192} = {EF1EAF4C-0782-4B0C-8F58-3A88E872430D}
		{606C308A-3784-4E80-B49C-0D5D29EE997D} = {EF1EAF4C-0782-4B0C-8F58-3A88E872430D}
		{98A2A51A-3D49-47AE-8619-14697C401B06} = {EF1EAF4C-0782-4B0C-8F58-3A88E872430D}
		{1884B27C-3328-408B-A556-4F2CDC69268E} = {EF1EAF4C-0782-4B0C-8F58-3A88E872430D}
		{111F6477-C5A5-4C98-A503-AA8E38335394} = {EF1EAF4C-0782-4B0C-8F58-3A88E872430D}
		{A3DCFB10-EDBC-4246-A29D-028E2BEAFD5F} = {EF1EAF4C-0782-4B0C-8F58-3A88E872430D}
		{4FA52D19-1DD9-41CA-A388-A9B1D85DA5A2} = {EF1EAF4C-0782-4B0C-8F58-3A88E872430D}
		{0A4267BC-72E1-4708-AD88-89CAE12FF7A6} = {EF1EAF4C-0782-4B0C-8F58-3A88E872430D}
		{F7E34F6D-2E66-4BC7-B68B-CF9E56B91E9D} = {EF1EAF4C-0782-4B0C-8F58-3A88E872430D}
		{519EA21F-50BC-428D-91CC-E8FA85D5070E} = {EF1EAF4C-0782-4B0C-8F58-3A88E872430D}
		{49603235-4715-488F-912E-428F446D1F8D} = {EF1EAF4C-0782-4B0C-8F58-3A88E872430D}
		{FECAEF1A-860E-4AC2-8FEC-6B3D7F10CB65} = {EF1EAF4C-0782-4B0C-8F58-3A88E872430D}
		{DCA86342-4EA8-4794-96C6-4EFE0F6C625D} = {EF1EAF4C-0782-4B0C-8F58-3A88E872430D}
		{C3F7DBA3-1B38-4BB9-BB8A-AEAE68863053} = {EF1EAF4C-0782-4B0C-8F58-3A88E872430D}
		{99A4C6AC-0FD9-4E88-AACD-F12ACBBF943C} = {EF1EAF4C-0782-4B0C-8F58-3A88E872430D}
		{BC684AE4-AE1B-449E-9307-1CD0EC0E7FA3} = {EF1EAF4C-0782-4B0C-8F58-3A88E872430D}
		{66EB70DC-E37B-4288-9B87-9F584FD697FC} = {EF1EAF4C-0782-4B0C-8F58-3A88E872430D}
		{25E879D3-F31A-4A66-8392-4C8C3E6910FF} = {EF1EAF4C-0782-4B0C-8F58-3A88E872430D}
		{2C12391F-4812-490A-A36E-BE406925CF99} = {EF1EAF4C-0782-4B0C-8F58-3A88E872430D}
		{AA9278D9-6373-4E31-9F6E-FB1415C0C22B} = {EF1EAF4C-0782-4B0C-8F58-3A88E872430D}
		{DBCC98EE-B740-4804-B242-A4FE7F6F4CC3} = {EF1EAF4C-0782-4B0C-8F58-3A88E872430D}
		{5A6AB737-F692-4C6E-BDFE-85084D9CCB02} = {EF1EAF4C-0782-4B0C-8F58-3A88E872430D}
		{AEA51F9E-E95F-42E7-B755-0BF7AE5527EC} = {EF1EAF4C-0782-4B0C-8F58-3A88E872430D}
		{FA791B5B-0BFC-49E4-8490-485A7913C700} = {EF1EAF4C-0782-4B0C-8F58-3A88E872430D}
		{05CCF174-D354-43B5-B4B5-E9D3F6476431} = {EF1EAF4C-0782-4B0C-8F58-3A88E872430D}
		{20D7E2FA-BABC-4D76-ABB9-FA9CBD391F5A} = {EF1EAF4C-0782-4B0C-8F58-3A88E872430D}
		{038F9F5E-F8B4-484B-9DB2-E1A2041ADC45} = {EF1EAF4C-0782-4B0C-8F58-3A88E872430D}
		{18ED7D23-02A2-4D9D-8EE9-6B16EF1F5197} = {EF1EAF4C-0782-4B0C-8F58-3A88E872430D}
		{5E588F03-0CA6-469F-A98B-9DB2E6706AC5} = {EF1EAF4C-0782-4B0C-8F58-3A88E872430D}
		{96C16EB2-237A-4219-AE86-9FD4674C19B5} = {EF1EAF4C-0782-4B0C-8F58-3A88E872430D}
		{85640002-B936-4598-B355-0F04F2281F95} = {EF1EAF4C-0782-4B0C-8F58-3A88E872430D}
		{4D62A1B5-2BF4-4636-B6D7-F224BDFC9C7B} = {EF1EAF4C-0782-4B0C-8F58-3A88E872430D}
		{86FB317B-0CBB-4B90-89B3-01A9D2C1E43A} = {EF1EAF4C-0782-4B0C-8F58-3A88E872430D}
		{4FDF189F-D124-4A55-9D5C-1D9B4426FC71} = {EF1EAF4C-0782-4B0C-8F58-3A88E872430D}
		{45250891-3E15-4EDB-9D84-00BB5453CF80} = {EF1EAF4C-0782-4B0C-8F58-3A88E872430D}
		{52B8156C-FAF9-4576-BC0D-DDACEBD1A16D} = {EF1EAF4C-0782-4B0C-8F58-3A88E872430D}
		{73ACEB93-4406-4592-A251-624E52205A39} = {EF1EAF4C-0782-4B0C-8F58-3A88E872430D}
		{2C5A56FB-A027-40E1-8CB7-68E923434E79} = {EF1EAF4C-0782-4B0C-8F58-3A88E872430D}
		{69FF0D92-508B-4662-999F-258E92521478} = {EF1EAF4C-0782-4B0C-8F58-3A88E872430D}
		{6D933FA7-81E7-48CC-A86E-33466F86C259} = {EF1EAF4C-0782-4B0C-8F58-3A88E872430D}
		{25D1946D-722F-477B-98B0-C431502D90BD} = {EF1EAF4C-0782-4B0C-8F58-3A88E872430D}
		{F7CEEFB9-FC68-4A8E-9171-C36399E272B3} = {EF1EAF4C-0782-4B0C-8F58-3A88E872430D}
	EndGlobalSection
EndGlobal
