<?xml version="1.0" encoding="utf-8"?>
<Project ToolsVersion="4.0" xmlns="http://schemas.microsoft.com/developer/msbuild/2003">
  <ItemGroup>
    <Filter Include="Source Files">
      <UniqueIdentifier>{4FC737F1-C7A5-4376-A066-2A32D752A2FF}</UniqueIdentifier>
      <Extensions>cpp;c;cc;cxx;def;odl;idl;hpj;bat;asm;asmx</Extensions>
    </Filter>
    <Filter Include="Header Files">
      <UniqueIdentifier>{93995380-89BD-4b04-88EB-625FBE52EBFB}</UniqueIdentifier>
      <Extensions>h;hh;hpp;hxx;hm;inl;inc;xsd</Extensions>
    </Filter>
    <Filter Include="Resource Files">
      <UniqueIdentifier>{67DA6AB6-F800-4c08-8B7A-83BB121AAD01}</UniqueIdentifier>
      <Extensions>rc;ico;cur;bmp;dlg;rc2;rct;bin;rgs;gif;jpg;jpeg;jpe;resx;tiff;tif;png;wav;mfcribbon-ms</Extensions>
    </Filter>
  </ItemGroup>
  <ItemGroup>
    <Text Include="ReadMe.txt" />
  </ItemGroup>
  <ItemGroup>
    <ClInclude Include="stdafx.h">
      <Filter>Header Files</Filter>
    </ClInclude>
    <ClInclude Include="targetver.h">
      <Filter>Header Files</Filter>
    </ClInclude>
    <ClInclude Include="IPlayingField.h">
      <Filter>Header Files</Filter>
    </ClInclude>
    <ClInclude Include="PlayingField.h">
      <Filter>Header Files</Filter>
    </ClInclude>
    <ClInclude Include="IPlayingFieldObject.h">
      <Filter>Header Files</Filter>
    </ClInclude>
    <ClInclude Include="PlayingFieldException.h">
      <Filter>Header Files</Filter>
    </ClInclude>
    <ClInclude Include="IDot.h">
      <Filter>Header Files</Filter>
    </ClInclude>
    <ClInclude Include="Dot.h">
      <Filter>Header Files</Filter>
    </ClInclude>
    <ClInclude Include="Location.h">
      <Filter>Header Files</Filter>
    </ClInclude>
    <ClInclude Include="ILocation.h">
      <Filter>Header Files</Filter>
    </ClInclude>
    <ClInclude Include="Heading.h">
      <Filter>Header Files</Filter>
    </ClInclude>
    <ClInclude Include="PossibleHeadings.h">
      <Filter>Header Files</Filter>
    </ClInclude>
    <ClInclude Include="ICoordinates.h">
      <Filter>Header Files</Filter>
    </ClInclude>
    <ClInclude Include="IDirection.h">
      <Filter>Header Files</Filter>
    </ClInclude>
    <ClInclude Include="IMonster.h">
      <Filter>Header Files</Filter>
    </ClInclude>
    <ClInclude Include="IPacMan.h">
      <Filter>Header Files</Filter>
    </ClInclude>
    <ClInclude Include="IPalyingFieldPresenter.h">
      <Filter>Header Files</Filter>
    </ClInclude>
    <ClInclude Include="Position.h">
      <Filter>Header Files</Filter>
    </ClInclude>
    <ClInclude Include="PlayingFieldObject.h">
      <Filter>Header Files</Filter>
    </ClInclude>
    <ClInclude Include="PlayingFieldObjectType.h">
      <Filter>Header Files</Filter>
    </ClInclude>
    <ClInclude Include="PlayingFieldValidator.h">
      <Filter>Header Files</Filter>
    </ClInclude>
    <ClInclude Include="IPlayingFieldValidator.h">
      <Filter>Header Files</Filter>
    </ClInclude>
    <ClInclude Include="Rotate.h">
      <Filter>Header Files</Filter>
    </ClInclude>
    <ClInclude Include="PacMan.h">
      <Filter>Header Files</Filter>
    </ClInclude>
    <ClInclude Include="Direction.h">
      <Filter>Header Files</Filter>
    </ClInclude>
    <ClInclude Include="Monster.h">
      <Filter>Header Files</Filter>
    </ClInclude>
    <ClInclude Include="InputMoveForPacMan.h">
      <Filter>Header Files</Filter>
    </ClInclude>
    <ClInclude Include="IInputPacManMove.h">
      <Filter>Header Files</Filter>
    </ClInclude>
    <ClInclude Include="IGameTimer.h">
      <Filter>Header Files</Filter>
    </ClInclude>
    <ClInclude Include="GameTimer.h">
      <Filter>Header Files</Filter>
    </ClInclude>
    <ClInclude Include="ObjectMover.h">
      <Filter>Header Files</Filter>
    </ClInclude>
    <ClInclude Include="IObjectMover.h">
      <Filter>Header Files</Filter>
    </ClInclude>
  </ItemGroup>
  <ItemGroup>
    <ClCompile Include="stdafx.cpp">
      <Filter>Source Files</Filter>
    </ClCompile>
    <ClCompile Include="PlayingField.cpp">
      <Filter>Source Files</Filter>
    </ClCompile>
    <ClCompile Include="Dot.cpp">
      <Filter>Source Files</Filter>
    </ClCompile>
    <ClCompile Include="Location.cpp">
      <Filter>Source Files</Filter>
    </ClCompile>
    <ClCompile Include="PacMan.cpp">
      <Filter>Source Files</Filter>
    </ClCompile>
    <ClCompile Include="PlayingFieldObject.cpp">
      <Filter>Source Files</Filter>
    </ClCompile>
    <ClCompile Include="PlayingFieldValidator.cpp">
      <Filter>Source Files</Filter>
    </ClCompile>
    <ClCompile Include="Direction.cpp">
      <Filter>Source Files</Filter>
    </ClCompile>
    <ClCompile Include="Monster.cpp">
      <Filter>Source Files</Filter>
    </ClCompile>
    <ClCompile Include="InputPacManMove.cpp">
      <Filter>Source Files</Filter>
    </ClCompile>
    <ClCompile Include="GameTimer.cpp">
      <Filter>Source Files</Filter>
    </ClCompile>
    <ClCompile Include="ObjectMover.cpp">
      <Filter>Source Files</Filter>
    </ClCompile>
  </ItemGroup>
</Project>